
Microsoft Visual Studio Solution File, Format Version 12.00
# Visual Studio 2012
Project("{FAE04EC0-301F-11D3-BF4B-00C04F79EFBC}") = "GallaryManager", "GallaryManager\GallaryManager.csproj", "{0B1B96C3-A0B3-4B26-B811-D87E07E32C37}"
EndProject
Project("{FAE04EC0-301F-11D3-BF4B-00C04F79EFBC}") = "GallaryManager.Tests", "GallaryManager.Tests\GallaryManager.Tests.csproj", "{EC3C3F3F-3355-459B-B6FB-36F04B7D0904}"
EndProject
Global
	GlobalSection(SolutionConfigurationPlatforms) = preSolution
		Debug|Any CPU = Debug|Any CPU
		Release|Any CPU = Release|Any CPU
	EndGlobalSection
	GlobalSection(ProjectConfigurationPlatforms) = postSolution
		{0B1B96C3-A0B3-4B26-B811-D87E07E32C37}.Debug|Any CPU.ActiveCfg = Debug|Any CPU
		{0B1B96C3-A0B3-4B26-B811-D87E07E32C37}.Debug|Any CPU.Build.0 = Debug|Any CPU
		{0B1B96C3-A0B3-4B26-B811-D87E07E32C37}.Release|Any CPU.ActiveCfg = Release|Any CPU
		{0B1B96C3-A0B3-4B26-B811-D87E07E32C37}.Release|Any CPU.Build.0 = Release|Any CPU
		{EC3C3F3F-3355-459B-B6FB-36F04B7D0904}.Debug|Any CPU.ActiveCfg = Debug|Any CPU
		{EC3C3F3F-3355-459B-B6FB-36F04B7D0904}.Debug|Any CPU.Build.0 = Debug|Any CPU
		{EC3C3F3F-3355-459B-B6FB-36F04B7D0904}.Release|Any CPU.ActiveCfg = Release|Any CPU
		{EC3C3F3F-3355-459B-B6FB-36F04B7D0904}.Release|Any CPU.Build.0 = Release|Any CPU
	EndGlobalSection
	GlobalSection(SolutionProperties) = preSolution
		HideSolutionNode = FALSE
	EndGlobalSection
EndGlobal
